// !$*UTF8*$!
{
	archiveVersion = 1;
	classes = {
	};
	objectVersion = 50;
	objects = {

/* Begin PBXBuildFile section */
		FC70DA3121B78B6700843F3F /* AppDelegate.swift in Sources */ = {isa = PBXBuildFile; fileRef = FC70DA3021B78B6700843F3F /* AppDelegate.swift */; };
		FC70DA3621B78B6700843F3F /* Main.storyboard in Resources */ = {isa = PBXBuildFile; fileRef = FC70DA3421B78B6700843F3F /* Main.storyboard */; };
		FC70DA3821B78B6900843F3F /* Assets.xcassets in Resources */ = {isa = PBXBuildFile; fileRef = FC70DA3721B78B6900843F3F /* Assets.xcassets */; };
		FC70DA3B21B78B6900843F3F /* LaunchScreen.storyboard in Resources */ = {isa = PBXBuildFile; fileRef = FC70DA3921B78B6900843F3F /* LaunchScreen.storyboard */; };
		FC73514921B792D300565919 /* Product.swift in Sources */ = {isa = PBXBuildFile; fileRef = FC73514821B792D300565919 /* Product.swift */; };
		FC73514D21B79A0E00565919 /* ProductGroup.swift in Sources */ = {isa = PBXBuildFile; fileRef = FC73514C21B79A0E00565919 /* ProductGroup.swift */; };
		FC73515121B79B4100565919 /* ProductAisle.swift in Sources */ = {isa = PBXBuildFile; fileRef = FC73515021B79B4100565919 /* ProductAisle.swift */; };
		FCBA935821B8465900FC0022 /* ProductAisleViewController.swift in Sources */ = {isa = PBXBuildFile; fileRef = FCBA935721B8465900FC0022 /* ProductAisleViewController.swift */; };
		FCBA935B21B8493700FC0022 /* ProductProvider.swift in Sources */ = {isa = PBXBuildFile; fileRef = FCBA935A21B8493700FC0022 /* ProductProvider.swift */; };
		FCBA935D21B8516700FC0022 /* ProductAsset.swift in Sources */ = {isa = PBXBuildFile; fileRef = FCBA935C21B8516700FC0022 /* ProductAsset.swift */; };
		FCBA935F21B852A200FC0022 /* ProductDetailViewController.swift in Sources */ = {isa = PBXBuildFile; fileRef = FCBA935E21B852A200FC0022 /* ProductDetailViewController.swift */; };
		FCBA936221B85FD500FC0022 /* ProductAisleParsingTests.swift in Sources */ = {isa = PBXBuildFile; fileRef = FCBA936121B85FD500FC0022 /* ProductAisleParsingTests.swift */; };
		FCBA936421B8644400FC0022 /* aisle.json in Resources */ = {isa = PBXBuildFile; fileRef = FCBA936321B8644400FC0022 /* aisle.json */; };
		FCBA936521B8695600FC0022 /* aisle.json in Resources */ = {isa = PBXBuildFile; fileRef = FCBA936321B8644400FC0022 /* aisle.json */; };
		FCBA936921B8EB7200FC0022 /* ViewController+ErrorHandling.swift in Sources */ = {isa = PBXBuildFile; fileRef = FCBA936821B8EB7200FC0022 /* ViewController+ErrorHandling.swift */; };
		FCDCD7B921C073C50094D821 /* ProductCollectionViewCell.swift in Sources */ = {isa = PBXBuildFile; fileRef = FCDCD7B821C073C50094D821 /* ProductCollectionViewCell.swift */; };
		FCDCD7BD21C076D40094D821 /* ProductSectionHeaderView.swift in Sources */ = {isa = PBXBuildFile; fileRef = FCDCD7BC21C076D40094D821 /* ProductSectionHeaderView.swift */; };
		FCEC3EB521BB94CE00026274 /* UILabel+BoldedSubstring.swift in Sources */ = {isa = PBXBuildFile; fileRef = FCEC3EB421BB94CE00026274 /* UILabel+BoldedSubstring.swift */; };
		FCEC3EB921BB960400026274 /* ProductFavoritesManager.swift in Sources */ = {isa = PBXBuildFile; fileRef = FCEC3EB821BB960400026274 /* ProductFavoritesManager.swift */; };
		FCEC3EC421BE3E9800026274 /* ProductTypeSelectionTableViewController.swift in Sources */ = {isa = PBXBuildFile; fileRef = FCEC3EC321BE3E9800026274 /* ProductTypeSelectionTableViewController.swift */; };
/* End PBXBuildFile section */

/* Begin PBXContainerItemProxy section */
		FC70DA4221B78B6900843F3F /* PBXContainerItemProxy */ = {
			isa = PBXContainerItemProxy;
			containerPortal = FC70DA2521B78B6700843F3F /* Project object */;
			proxyType = 1;
			remoteGlobalIDString = FC70DA2C21B78B6700843F3F;
			remoteInfo = "Wine-O-Matic";
		};
/* End PBXContainerItemProxy section */

/* Begin PBXFileReference section */
		FC70DA2D21B78B6700843F3F /* Wine-O-Matic.app */ = {isa = PBXFileReference; explicitFileType = wrapper.application; includeInIndex = 0; path = "Wine-O-Matic.app"; sourceTree = BUILT_PRODUCTS_DIR; };
		FC70DA3021B78B6700843F3F /* AppDelegate.swift */ = {isa = PBXFileReference; lastKnownFileType = sourcecode.swift; path = AppDelegate.swift; sourceTree = "<group>"; };
		FC70DA3521B78B6700843F3F /* Base */ = {isa = PBXFileReference; lastKnownFileType = file.storyboard; name = Base; path = Base.lproj/Main.storyboard; sourceTree = "<group>"; };
		FC70DA3721B78B6900843F3F /* Assets.xcassets */ = {isa = PBXFileReference; lastKnownFileType = folder.assetcatalog; path = Assets.xcassets; sourceTree = "<group>"; };
		FC70DA3A21B78B6900843F3F /* Base */ = {isa = PBXFileReference; lastKnownFileType = file.storyboard; name = Base; path = Base.lproj/LaunchScreen.storyboard; sourceTree = "<group>"; };
		FC70DA3C21B78B6900843F3F /* Info.plist */ = {isa = PBXFileReference; lastKnownFileType = text.plist.xml; path = Info.plist; sourceTree = "<group>"; };
		FC70DA4121B78B6900843F3F /* Wine-O-MaticTests.xctest */ = {isa = PBXFileReference; explicitFileType = wrapper.cfbundle; includeInIndex = 0; path = "Wine-O-MaticTests.xctest"; sourceTree = BUILT_PRODUCTS_DIR; };
		FC70DA4721B78B6900843F3F /* Info.plist */ = {isa = PBXFileReference; lastKnownFileType = text.plist.xml; path = Info.plist; sourceTree = "<group>"; };
		FC73514821B792D300565919 /* Product.swift */ = {isa = PBXFileReference; lastKnownFileType = sourcecode.swift; path = Product.swift; sourceTree = "<group>"; };
		FC73514C21B79A0E00565919 /* ProductGroup.swift */ = {isa = PBXFileReference; lastKnownFileType = sourcecode.swift; path = ProductGroup.swift; sourceTree = "<group>"; };
		FC73515021B79B4100565919 /* ProductAisle.swift */ = {isa = PBXFileReference; lastKnownFileType = sourcecode.swift; path = ProductAisle.swift; sourceTree = "<group>"; };
		FCBA935721B8465900FC0022 /* ProductAisleViewController.swift */ = {isa = PBXFileReference; lastKnownFileType = sourcecode.swift; path = ProductAisleViewController.swift; sourceTree = "<group>"; };
		FCBA935A21B8493700FC0022 /* ProductProvider.swift */ = {isa = PBXFileReference; lastKnownFileType = sourcecode.swift; path = ProductProvider.swift; sourceTree = "<group>"; };
		FCBA935C21B8516700FC0022 /* ProductAsset.swift */ = {isa = PBXFileReference; lastKnownFileType = sourcecode.swift; path = ProductAsset.swift; sourceTree = "<group>"; };
		FCBA935E21B852A200FC0022 /* ProductDetailViewController.swift */ = {isa = PBXFileReference; lastKnownFileType = sourcecode.swift; path = ProductDetailViewController.swift; sourceTree = "<group>"; };
		FCBA936121B85FD500FC0022 /* ProductAisleParsingTests.swift */ = {isa = PBXFileReference; lastKnownFileType = sourcecode.swift; path = ProductAisleParsingTests.swift; sourceTree = "<group>"; };
		FCBA936321B8644400FC0022 /* aisle.json */ = {isa = PBXFileReference; lastKnownFileType = text.json; path = aisle.json; sourceTree = "<group>"; };
		FCBA936821B8EB7200FC0022 /* ViewController+ErrorHandling.swift */ = {isa = PBXFileReference; lastKnownFileType = sourcecode.swift; path = "ViewController+ErrorHandling.swift"; sourceTree = "<group>"; };
		FCDCD7B821C073C50094D821 /* ProductCollectionViewCell.swift */ = {isa = PBXFileReference; lastKnownFileType = sourcecode.swift; path = ProductCollectionViewCell.swift; sourceTree = "<group>"; };
		FCDCD7BC21C076D40094D821 /* ProductSectionHeaderView.swift */ = {isa = PBXFileReference; lastKnownFileType = sourcecode.swift; path = ProductSectionHeaderView.swift; sourceTree = "<group>"; };
		FCEC3EB421BB94CE00026274 /* UILabel+BoldedSubstring.swift */ = {isa = PBXFileReference; lastKnownFileType = sourcecode.swift; path = "UILabel+BoldedSubstring.swift"; sourceTree = "<group>"; };
		FCEC3EB821BB960400026274 /* ProductFavoritesManager.swift */ = {isa = PBXFileReference; lastKnownFileType = sourcecode.swift; path = ProductFavoritesManager.swift; sourceTree = "<group>"; };
		FCEC3EC321BE3E9800026274 /* ProductTypeSelectionTableViewController.swift */ = {isa = PBXFileReference; lastKnownFileType = sourcecode.swift; path = ProductTypeSelectionTableViewController.swift; sourceTree = "<group>"; };
/* End PBXFileReference section */

/* Begin PBXFrameworksBuildPhase section */
		FC70DA2A21B78B6700843F3F /* Frameworks */ = {
			isa = PBXFrameworksBuildPhase;
			buildActionMask = 2147483647;
			files = (
			);
			runOnlyForDeploymentPostprocessing = 0;
		};
		FC70DA3E21B78B6900843F3F /* Frameworks */ = {
			isa = PBXFrameworksBuildPhase;
			buildActionMask = 2147483647;
			files = (
			);
			runOnlyForDeploymentPostprocessing = 0;
		};
/* End PBXFrameworksBuildPhase section */

/* Begin PBXGroup section */
		FC70DA2421B78B6700843F3F = {
			isa = PBXGroup;
			children = (
				FC70DA2F21B78B6700843F3F /* Wine-O-Matic */,
				FC70DA4421B78B6900843F3F /* Wine-O-MaticTests */,
				FC70DA2E21B78B6700843F3F /* Products */,
			);
			sourceTree = "<group>";
		};
		FC70DA2E21B78B6700843F3F /* Products */ = {
			isa = PBXGroup;
			children = (
				FC70DA2D21B78B6700843F3F /* Wine-O-Matic.app */,
				FC70DA4121B78B6900843F3F /* Wine-O-MaticTests.xctest */,
			);
			name = Products;
			sourceTree = "<group>";
		};
		FC70DA2F21B78B6700843F3F /* Wine-O-Matic */ = {
			isa = PBXGroup;
			children = (
				FC70DA3C21B78B6900843F3F /* Info.plist */,
				FC70DA3021B78B6700843F3F /* AppDelegate.swift */,
				FC70DA3421B78B6700843F3F /* Main.storyboard */,
				FC70DA3921B78B6900843F3F /* LaunchScreen.storyboard */,
				FC73514721B7929C00565919 /* Data Models */,
				FCBA936021B85A2600FC0022 /* ViewControllers */,
				FCBA935921B8492300FC0022 /* Provider */,
				FCEC3EBC21BBAA2B00026274 /* Managers */,
				FCBA936621B86DC700FC0022 /* Resources */,
				FCEC3EB321BB947000026274 /* UIKit Extensions */,
			);
			path = "Wine-O-Matic";
			sourceTree = "<group>";
		};
		FC70DA4421B78B6900843F3F /* Wine-O-MaticTests */ = {
			isa = PBXGroup;
			children = (
				FC70DA4721B78B6900843F3F /* Info.plist */,
				FCBA936121B85FD500FC0022 /* ProductAisleParsingTests.swift */,
			);
			path = "Wine-O-MaticTests";
			sourceTree = "<group>";
		};
		FC73514721B7929C00565919 /* Data Models */ = {
			isa = PBXGroup;
			children = (
				FCEC3EBD21BBAA4800026274 /* Products */,
			);
			path = "Data Models";
			sourceTree = "<group>";
		};
		FCBA935921B8492300FC0022 /* Provider */ = {
			isa = PBXGroup;
			children = (
				FCBA935A21B8493700FC0022 /* ProductProvider.swift */,
			);
			path = Provider;
			sourceTree = "<group>";
		};
		FCBA936021B85A2600FC0022 /* ViewControllers */ = {
			isa = PBXGroup;
			children = (
				FCDCD7B721C073AC0094D821 /* Cells */,
				FCEC3EBE21BE3C5200026274 /* Type Selection */,
				FCEC3EBB21BBAA1100026274 /* Products */,
			);
			path = ViewControllers;
			sourceTree = "<group>";
		};
		FCBA936621B86DC700FC0022 /* Resources */ = {
			isa = PBXGroup;
			children = (
				FCBA936721B86DD900FC0022 /* JSON */,
				FC70DA3721B78B6900843F3F /* Assets.xcassets */,
			);
			path = Resources;
			sourceTree = "<group>";
		};
		FCBA936721B86DD900FC0022 /* JSON */ = {
			isa = PBXGroup;
			children = (
				FCBA936321B8644400FC0022 /* aisle.json */,
			);
			path = JSON;
			sourceTree = "<group>";
		};
		FCDCD7B721C073AC0094D821 /* Cells */ = {
			isa = PBXGroup;
			children = (
				FCDCD7B821C073C50094D821 /* ProductCollectionViewCell.swift */,
				FCDCD7BC21C076D40094D821 /* ProductSectionHeaderView.swift */,
			);
			path = Cells;
			sourceTree = "<group>";
		};
		FCEC3EB321BB947000026274 /* UIKit Extensions */ = {
			isa = PBXGroup;
			children = (
				FCBA936821B8EB7200FC0022 /* ViewController+ErrorHandling.swift */,
				FCEC3EB421BB94CE00026274 /* UILabel+BoldedSubstring.swift */,
			);
			path = "UIKit Extensions";
			sourceTree = "<group>";
		};
		FCEC3EBB21BBAA1100026274 /* Products */ = {
			isa = PBXGroup;
			children = (
				FCBA935721B8465900FC0022 /* ProductAisleViewController.swift */,
				FCBA935E21B852A200FC0022 /* ProductDetailViewController.swift */,
			);
			path = Products;
			sourceTree = "<group>";
		};
		FCEC3EBC21BBAA2B00026274 /* Managers */ = {
			isa = PBXGroup;
			children = (
				FCEC3EB821BB960400026274 /* ProductFavoritesManager.swift */,
			);
			path = Managers;
			sourceTree = "<group>";
		};
		FCEC3EBD21BBAA4800026274 /* Products */ = {
			isa = PBXGroup;
			children = (
				FC73514821B792D300565919 /* Product.swift */,
				FC73514C21B79A0E00565919 /* ProductGroup.swift */,
				FC73515021B79B4100565919 /* ProductAisle.swift */,
				FCBA935C21B8516700FC0022 /* ProductAsset.swift */,
			);
			path = Products;
			sourceTree = "<group>";
		};
		FCEC3EBE21BE3C5200026274 /* Type Selection */ = {
			isa = PBXGroup;
			children = (
				FCEC3EC321BE3E9800026274 /* ProductTypeSelectionTableViewController.swift */,
			);
			path = "Type Selection";
			sourceTree = "<group>";
		};
/* End PBXGroup section */

/* Begin PBXNativeTarget section */
		FC70DA2C21B78B6700843F3F /* Wine-O-Matic */ = {
			isa = PBXNativeTarget;
			buildConfigurationList = FC70DA4A21B78B6900843F3F /* Build configuration list for PBXNativeTarget "Wine-O-Matic" */;
			buildPhases = (
				FC70DA2921B78B6700843F3F /* Sources */,
				FC70DA2A21B78B6700843F3F /* Frameworks */,
				FC70DA2B21B78B6700843F3F /* Resources */,
			);
			buildRules = (
			);
			dependencies = (
			);
			name = "Wine-O-Matic";
			productName = "Wine-O-Matic";
			productReference = FC70DA2D21B78B6700843F3F /* Wine-O-Matic.app */;
			productType = "com.apple.product-type.application";
		};
		FC70DA4021B78B6900843F3F /* Wine-O-MaticTests */ = {
			isa = PBXNativeTarget;
			buildConfigurationList = FC70DA4D21B78B6900843F3F /* Build configuration list for PBXNativeTarget "Wine-O-MaticTests" */;
			buildPhases = (
				FC70DA3D21B78B6900843F3F /* Sources */,
				FC70DA3E21B78B6900843F3F /* Frameworks */,
				FC70DA3F21B78B6900843F3F /* Resources */,
			);
			buildRules = (
			);
			dependencies = (
				FC70DA4321B78B6900843F3F /* PBXTargetDependency */,
			);
			name = "Wine-O-MaticTests";
			productName = "Wine-O-MaticTests";
			productReference = FC70DA4121B78B6900843F3F /* Wine-O-MaticTests.xctest */;
			productType = "com.apple.product-type.bundle.unit-test";
		};
/* End PBXNativeTarget section */

/* Begin PBXProject section */
		FC70DA2521B78B6700843F3F /* Project object */ = {
			isa = PBXProject;
			attributes = {
				LastSwiftUpdateCheck = 1000;
				LastUpgradeCheck = 1000;
				ORGANIZATIONNAME = "Pat Mulloy";
				TargetAttributes = {
					FC70DA2C21B78B6700843F3F = {
						CreatedOnToolsVersion = 10.0;
					};
					FC70DA4021B78B6900843F3F = {
						CreatedOnToolsVersion = 10.0;
						TestTargetID = FC70DA2C21B78B6700843F3F;
					};
				};
			};
			buildConfigurationList = FC70DA2821B78B6700843F3F /* Build configuration list for PBXProject "Wine-O-Matic" */;
			compatibilityVersion = "Xcode 9.3";
			developmentRegion = en;
			hasScannedForEncodings = 0;
			knownRegions = (
				en,
				Base,
			);
			mainGroup = FC70DA2421B78B6700843F3F;
			productRefGroup = FC70DA2E21B78B6700843F3F /* Products */;
			projectDirPath = "";
			projectRoot = "";
			targets = (
				FC70DA2C21B78B6700843F3F /* Wine-O-Matic */,
				FC70DA4021B78B6900843F3F /* Wine-O-MaticTests */,
			);
		};
/* End PBXProject section */

/* Begin PBXResourcesBuildPhase section */
		FC70DA2B21B78B6700843F3F /* Resources */ = {
			isa = PBXResourcesBuildPhase;
			buildActionMask = 2147483647;
			files = (
				FCBA936421B8644400FC0022 /* aisle.json in Resources */,
				FC70DA3B21B78B6900843F3F /* LaunchScreen.storyboard in Resources */,
				FC70DA3821B78B6900843F3F /* Assets.xcassets in Resources */,
				FC70DA3621B78B6700843F3F /* Main.storyboard in Resources */,
			);
			runOnlyForDeploymentPostprocessing = 0;
		};
		FC70DA3F21B78B6900843F3F /* Resources */ = {
			isa = PBXResourcesBuildPhase;
			buildActionMask = 2147483647;
			files = (
				FCBA936521B8695600FC0022 /* aisle.json in Resources */,
			);
			runOnlyForDeploymentPostprocessing = 0;
		};
/* End PBXResourcesBuildPhase section */

/* Begin PBXSourcesBuildPhase section */
		FC70DA2921B78B6700843F3F /* Sources */ = {
			isa = PBXSourcesBuildPhase;
			buildActionMask = 2147483647;
			files = (
				FCEC3EC421BE3E9800026274 /* ProductTypeSelectionTableViewController.swift in Sources */,
				FCDCD7BD21C076D40094D821 /* ProductSectionHeaderView.swift in Sources */,
				FCBA935821B8465900FC0022 /* ProductAisleViewController.swift in Sources */,
				FCBA935D21B8516700FC0022 /* ProductAsset.swift in Sources */,
				FCBA935F21B852A200FC0022 /* ProductDetailViewController.swift in Sources */,
				FCBA936921B8EB7200FC0022 /* ViewController+ErrorHandling.swift in Sources */,
				FCEC3EB521BB94CE00026274 /* UILabel+BoldedSubstring.swift in Sources */,
				FCDCD7B921C073C50094D821 /* ProductCollectionViewCell.swift in Sources */,
				FC73515121B79B4100565919 /* ProductAisle.swift in Sources */,
				FCBA935B21B8493700FC0022 /* ProductProvider.swift in Sources */,
				FC70DA3121B78B6700843F3F /* AppDelegate.swift in Sources */,
				FC73514921B792D300565919 /* Product.swift in Sources */,
				FCEC3EB921BB960400026274 /* ProductFavoritesManager.swift in Sources */,
				FC73514D21B79A0E00565919 /* ProductGroup.swift in Sources */,
			);
			runOnlyForDeploymentPostprocessing = 0;
		};
		FC70DA3D21B78B6900843F3F /* Sources */ = {
			isa = PBXSourcesBuildPhase;
			buildActionMask = 2147483647;
			files = (
				FCBA936221B85FD500FC0022 /* ProductAisleParsingTests.swift in Sources */,
			);
			runOnlyForDeploymentPostprocessing = 0;
		};
/* End PBXSourcesBuildPhase section */

/* Begin PBXTargetDependency section */
		FC70DA4321B78B6900843F3F /* PBXTargetDependency */ = {
			isa = PBXTargetDependency;
			target = FC70DA2C21B78B6700843F3F /* Wine-O-Matic */;
			targetProxy = FC70DA4221B78B6900843F3F /* PBXContainerItemProxy */;
		};
/* End PBXTargetDependency section */

/* Begin PBXVariantGroup section */
		FC70DA3421B78B6700843F3F /* Main.storyboard */ = {
			isa = PBXVariantGroup;
			children = (
				FC70DA3521B78B6700843F3F /* Base */,
			);
			name = Main.storyboard;
			sourceTree = "<group>";
		};
		FC70DA3921B78B6900843F3F /* LaunchScreen.storyboard */ = {
			isa = PBXVariantGroup;
			children = (
				FC70DA3A21B78B6900843F3F /* Base */,
			);
			name = LaunchScreen.storyboard;
			sourceTree = "<group>";
		};
/* End PBXVariantGroup section */

/* Begin XCBuildConfiguration section */
		FC70DA4821B78B6900843F3F /* Debug */ = {
			isa = XCBuildConfiguration;
			buildSettings = {
				ALWAYS_SEARCH_USER_PATHS = NO;
				CLANG_ANALYZER_NONNULL = YES;
				CLANG_ANALYZER_NUMBER_OBJECT_CONVERSION = YES_AGGRESSIVE;
				CLANG_CXX_LANGUAGE_STANDARD = "gnu++14";
				CLANG_CXX_LIBRARY = "libc++";
				CLANG_ENABLE_MODULES = YES;
				CLANG_ENABLE_OBJC_ARC = YES;
				CLANG_ENABLE_OBJC_WEAK = YES;
				CLANG_WARN_BLOCK_CAPTURE_AUTORELEASING = YES;
				CLANG_WARN_BOOL_CONVERSION = YES;
				CLANG_WARN_COMMA = YES;
				CLANG_WARN_CONSTANT_CONVERSION = YES;
				CLANG_WARN_DEPRECATED_OBJC_IMPLEMENTATIONS = YES;
				CLANG_WARN_DIRECT_OBJC_ISA_USAGE = YES_ERROR;
				CLANG_WARN_DOCUMENTATION_COMMENTS = YES;
				CLANG_WARN_EMPTY_BODY = YES;
				CLANG_WARN_ENUM_CONVERSION = YES;
				CLANG_WARN_INFINITE_RECURSION = YES;
				CLANG_WARN_INT_CONVERSION = YES;
				CLANG_WARN_NON_LITERAL_NULL_CONVERSION = YES;
				CLANG_WARN_OBJC_IMPLICIT_RETAIN_SELF = YES;
				CLANG_WARN_OBJC_LITERAL_CONVERSION = YES;
				CLANG_WARN_OBJC_ROOT_CLASS = YES_ERROR;
				CLANG_WARN_RANGE_LOOP_ANALYSIS = YES;
				CLANG_WARN_STRICT_PROTOTYPES = YES;
				CLANG_WARN_SUSPICIOUS_MOVE = YES;
				CLANG_WARN_UNGUARDED_AVAILABILITY = YES_AGGRESSIVE;
				CLANG_WARN_UNREACHABLE_CODE = YES;
				CLANG_WARN__DUPLICATE_METHOD_MATCH = YES;
				CODE_SIGN_IDENTITY = "iPhone Developer";
				COPY_PHASE_STRIP = NO;
				DEBUG_INFORMATION_FORMAT = dwarf;
				ENABLE_STRICT_OBJC_MSGSEND = YES;
				ENABLE_TESTABILITY = YES;
				GCC_C_LANGUAGE_STANDARD = gnu11;
				GCC_DYNAMIC_NO_PIC = NO;
				GCC_NO_COMMON_BLOCKS = YES;
				GCC_OPTIMIZATION_LEVEL = 0;
				GCC_PREPROCESSOR_DEFINITIONS = (
					"DEBUG=1",
					"$(inherited)",
				);
				GCC_WARN_64_TO_32_BIT_CONVERSION = YES;
				GCC_WARN_ABOUT_RETURN_TYPE = YES_ERROR;
				GCC_WARN_UNDECLARED_SELECTOR = YES;
				GCC_WARN_UNINITIALIZED_AUTOS = YES_AGGRESSIVE;
				GCC_WARN_UNUSED_FUNCTION = YES;
				GCC_WARN_UNUSED_VARIABLE = YES;
				IPHONEOS_DEPLOYMENT_TARGET = 12.0;
				MTL_ENABLE_DEBUG_INFO = INCLUDE_SOURCE;
				MTL_FAST_MATH = YES;
				ONLY_ACTIVE_ARCH = YES;
				SDKROOT = iphoneos;
				SWIFT_ACTIVE_COMPILATION_CONDITIONS = DEBUG;
				SWIFT_OPTIMIZATION_LEVEL = "-Onone";
			};
			name = Debug;
		};
		FC70DA4921B78B6900843F3F /* Release */ = {
			isa = XCBuildConfiguration;
			buildSettings = {
				ALWAYS_SEARCH_USER_PATHS = NO;
				CLANG_ANALYZER_NONNULL = YES;
				CLANG_ANALYZER_NUMBER_OBJECT_CONVERSION = YES_AGGRESSIVE;
				CLANG_CXX_LANGUAGE_STANDARD = "gnu++14";
				CLANG_CXX_LIBRARY = "libc++";
				CLANG_ENABLE_MODULES = YES;
				CLANG_ENABLE_OBJC_ARC = YES;
				CLANG_ENABLE_OBJC_WEAK = YES;
				CLANG_WARN_BLOCK_CAPTURE_AUTORELEASING = YES;
				CLANG_WARN_BOOL_CONVERSION = YES;
				CLANG_WARN_COMMA = YES;
				CLANG_WARN_CONSTANT_CONVERSION = YES;
				CLANG_WARN_DEPRECATED_OBJC_IMPLEMENTATIONS = YES;
				CLANG_WARN_DIRECT_OBJC_ISA_USAGE = YES_ERROR;
				CLANG_WARN_DOCUMENTATION_COMMENTS = YES;
				CLANG_WARN_EMPTY_BODY = YES;
				CLANG_WARN_ENUM_CONVERSION = YES;
				CLANG_WARN_INFINITE_RECURSION = YES;
				CLANG_WARN_INT_CONVERSION = YES;
				CLANG_WARN_NON_LITERAL_NULL_CONVERSION = YES;
				CLANG_WARN_OBJC_IMPLICIT_RETAIN_SELF = YES;
				CLANG_WARN_OBJC_LITERAL_CONVERSION = YES;
				CLANG_WARN_OBJC_ROOT_CLASS = YES_ERROR;
				CLANG_WARN_RANGE_LOOP_ANALYSIS = YES;
				CLANG_WARN_STRICT_PROTOTYPES = YES;
				CLANG_WARN_SUSPICIOUS_MOVE = YES;
				CLANG_WARN_UNGUARDED_AVAILABILITY = YES_AGGRESSIVE;
				CLANG_WARN_UNREACHABLE_CODE = YES;
				CLANG_WARN__DUPLICATE_METHOD_MATCH = YES;
				CODE_SIGN_IDENTITY = "iPhone Developer";
				COPY_PHASE_STRIP = NO;
				DEBUG_INFORMATION_FORMAT = "dwarf-with-dsym";
				ENABLE_NS_ASSERTIONS = NO;
				ENABLE_STRICT_OBJC_MSGSEND = YES;
				GCC_C_LANGUAGE_STANDARD = gnu11;
				GCC_NO_COMMON_BLOCKS = YES;
				GCC_WARN_64_TO_32_BIT_CONVERSION = YES;
				GCC_WARN_ABOUT_RETURN_TYPE = YES_ERROR;
				GCC_WARN_UNDECLARED_SELECTOR = YES;
				GCC_WARN_UNINITIALIZED_AUTOS = YES_AGGRESSIVE;
				GCC_WARN_UNUSED_FUNCTION = YES;
				GCC_WARN_UNUSED_VARIABLE = YES;
				IPHONEOS_DEPLOYMENT_TARGET = 12.0;
				MTL_ENABLE_DEBUG_INFO = NO;
				MTL_FAST_MATH = YES;
				SDKROOT = iphoneos;
				SWIFT_COMPILATION_MODE = wholemodule;
				SWIFT_OPTIMIZATION_LEVEL = "-O";
				VALIDATE_PRODUCT = YES;
			};
			name = Release;
		};
		FC70DA4B21B78B6900843F3F /* Debug */ = {
			isa = XCBuildConfiguration;
			buildSettings = {
				ASSETCATALOG_COMPILER_APPICON_NAME = AppIcon;
				CODE_SIGN_STYLE = Automatic;
				DEVELOPMENT_TEAM = C7S2CV33MM;
				INFOPLIST_FILE = "Wine-O-Matic/Info.plist";
				LD_RUNPATH_SEARCH_PATHS = (
					"$(inherited)",
					"@executable_path/Frameworks",
				);
				PRODUCT_BUNDLE_IDENTIFIER = "com.patmulloy.Wine-O-Matic";
				PRODUCT_NAME = "$(TARGET_NAME)";
				SWIFT_VERSION = 4.2;
				TARGETED_DEVICE_FAMILY = "1,2";
			};
			name = Debug;
		};
		FC70DA4C21B78B6900843F3F /* Release */ = {
			isa = XCBuildConfiguration;
			buildSettings = {
				ASSETCATALOG_COMPILER_APPICON_NAME = AppIcon;
				CODE_SIGN_STYLE = Automatic;
				DEVELOPMENT_TEAM = C7S2CV33MM;
				INFOPLIST_FILE = "Wine-O-Matic/Info.plist";
				LD_RUNPATH_SEARCH_PATHS = (
					"$(inherited)",
					"@executable_path/Frameworks",
				);
				PRODUCT_BUNDLE_IDENTIFIER = "com.patmulloy.Wine-O-Matic";
				PRODUCT_NAME = "$(TARGET_NAME)";
				SWIFT_VERSION = 4.2;
				TARGETED_DEVICE_FAMILY = "1,2";
			};
			name = Release;
		};
		FC70DA4E21B78B6900843F3F /* Debug */ = {
			isa = XCBuildConfiguration;
			buildSettings = {
				ALWAYS_EMBED_SWIFT_STANDARD_LIBRARIES = YES;
				BUNDLE_LOADER = "$(TEST_HOST)";
				CODE_SIGN_STYLE = Automatic;
				DEVELOPMENT_TEAM = 482S22VVQV;
				INFOPLIST_FILE = "Wine-O-MaticTests/Info.plist";
				LD_RUNPATH_SEARCH_PATHS = (
					"$(inherited)",
					"@executable_path/Frameworks",
					"@loader_path/Frameworks",
				);
				PRODUCT_BUNDLE_IDENTIFIER = "com.patmulloy.Wine-O-MaticTests";
				PRODUCT_NAME = "$(TARGET_NAME)";
				SWIFT_VERSION = 4.2;
				TARGETED_DEVICE_FAMILY = "1,2";
				TEST_HOST = "$(BUILT_PRODUCTS_DIR)/Wine-O-Matic.app/Wine-O-Matic";
			};
			name = Debug;
		};
		FC70DA4F21B78B6900843F3F /* Release */ = {
			isa = XCBuildConfiguration;
			buildSettings = {
				ALWAYS_EMBED_SWIFT_STANDARD_LIBRARIES = YES;
				BUNDLE_LOADER = "$(TEST_HOST)";
				CODE_SIGN_STYLE = Automatic;
				DEVELOPMENT_TEAM = 482S22VVQV;
				INFOPLIST_FILE = "Wine-O-MaticTests/Info.plist";
				LD_RUNPATH_SEARCH_PATHS = (
					"$(inherited)",
					"@executable_path/Frameworks",
					"@loader_path/Frameworks",
				);
				PRODUCT_BUNDLE_IDENTIFIER = "com.patmulloy.Wine-O-MaticTests";
				PRODUCT_NAME = "$(TARGET_NAME)";
				SWIFT_VERSION = 4.2;
				TARGETED_DEVICE_FAMILY = "1,2";
				TEST_HOST = "$(BUILT_PRODUCTS_DIR)/Wine-O-Matic.app/Wine-O-Matic";
			};
			name = Release;
		};
/* End XCBuildConfiguration section */

/* Begin XCConfigurationList section */
		FC70DA2821B78B6700843F3F /* Build configuration list for PBXProject "Wine-O-Matic" */ = {
			isa = XCConfigurationList;
			buildConfigurations = (
				FC70DA4821B78B6900843F3F /* Debug */,
				FC70DA4921B78B6900843F3F /* Release */,
			);
			defaultConfigurationIsVisible = 0;
			defaultConfigurationName = Release;
		};
		FC70DA4A21B78B6900843F3F /* Build configuration list for PBXNativeTarget "Wine-O-Matic" */ = {
			isa = XCConfigurationList;
			buildConfigurations = (
				FC70DA4B21B78B6900843F3F /* Debug */,
				FC70DA4C21B78B6900843F3F /* Release */,
			);
			defaultConfigurationIsVisible = 0;
			defaultConfigurationName = Release;
		};
		FC70DA4D21B78B6900843F3F /* Build configuration list for PBXNativeTarget "Wine-O-MaticTests" */ = {
			isa = XCConfigurationList;
			buildConfigurations = (
				FC70DA4E21B78B6900843F3F /* Debug */,
				FC70DA4F21B78B6900843F3F /* Release */,
			);
			defaultConfigurationIsVisible = 0;
			defaultConfigurationName = Release;
		};
/* End XCConfigurationList section */
	};
	rootObject = FC70DA2521B78B6700843F3F /* Project object */;
}
